// !$*UTF8*$!
{
	archiveVersion = 1;
	classes = {
	};
	objectVersion = 46;
	objects = {

/* Begin PBXBuildFile section */
		AF4C552419419C0E006EAE1B /* Foundation.framework in Frameworks */ = {isa = PBXBuildFile; fileRef = AF4C552319419C0E006EAE1B /* Foundation.framework */; };
		AF4C552619419C0E006EAE1B /* CoreGraphics.framework in Frameworks */ = {isa = PBXBuildFile; fileRef = AF4C552519419C0E006EAE1B /* CoreGraphics.framework */; };
		AF4C552819419C0E006EAE1B /* UIKit.framework in Frameworks */ = {isa = PBXBuildFile; fileRef = AF4C552719419C0E006EAE1B /* UIKit.framework */; };
		AF4C552E19419C0E006EAE1B /* InfoPlist.strings in Resources */ = {isa = PBXBuildFile; fileRef = AF4C552C19419C0E006EAE1B /* InfoPlist.strings */; };
		AF4C553019419C0E006EAE1B /* main.m in Sources */ = {isa = PBXBuildFile; fileRef = AF4C552F19419C0E006EAE1B /* main.m */; };
		AF4C553419419C0E006EAE1B /* RJAppDelegate.m in Sources */ = {isa = PBXBuildFile; fileRef = AF4C553319419C0E006EAE1B /* RJAppDelegate.m */; };
		AF4C553719419C0E006EAE1B /* Main.storyboard in Resources */ = {isa = PBXBuildFile; fileRef = AF4C553519419C0E006EAE1B /* Main.storyboard */; };
		AF4C553A19419C0E006EAE1B /* RJViewController.m in Sources */ = {isa = PBXBuildFile; fileRef = AF4C553919419C0E006EAE1B /* RJViewController.m */; };
		AF4C553C19419C0E006EAE1B /* Images.xcassets in Resources */ = {isa = PBXBuildFile; fileRef = AF4C553B19419C0E006EAE1B /* Images.xcassets */; };
		AF4C554319419C0F006EAE1B /* XCTest.framework in Frameworks */ = {isa = PBXBuildFile; fileRef = AF4C554219419C0F006EAE1B /* XCTest.framework */; };
		AF4C554419419C0F006EAE1B /* Foundation.framework in Frameworks */ = {isa = PBXBuildFile; fileRef = AF4C552319419C0E006EAE1B /* Foundation.framework */; };
		AF4C554519419C0F006EAE1B /* UIKit.framework in Frameworks */ = {isa = PBXBuildFile; fileRef = AF4C552719419C0E006EAE1B /* UIKit.framework */; };
		AF4C554D19419C0F006EAE1B /* InfoPlist.strings in Resources */ = {isa = PBXBuildFile; fileRef = AF4C554B19419C0F006EAE1B /* InfoPlist.strings */; };
		AF4C554F19419C0F006EAE1B /* EncryptedSqliteDemoTests.m in Sources */ = {isa = PBXBuildFile; fileRef = AF4C554E19419C0F006EAE1B /* EncryptedSqliteDemoTests.m */; };
		AF876638194AA545006EBF37 /* libcrypto.a in Frameworks */ = {isa = PBXBuildFile; fileRef = AF87662C194AA514006EBF37 /* libcrypto.a */; };
		AF876639194AA545006EBF37 /* libsqlcipher.a in Frameworks */ = {isa = PBXBuildFile; fileRef = AF876633194AA52A006EBF37 /* libsqlcipher.a */; };
		AF87665A194AA80D006EBF37 /* FMDatabase.m in Sources */ = {isa = PBXBuildFile; fileRef = AF876651194AA80D006EBF37 /* FMDatabase.m */; };
		AF87665B194AA80D006EBF37 /* FMDatabase.m in Sources */ = {isa = PBXBuildFile; fileRef = AF876651194AA80D006EBF37 /* FMDatabase.m */; };
		AF87665C194AA80D006EBF37 /* FMDatabaseAdditions.m in Sources */ = {isa = PBXBuildFile; fileRef = AF876653194AA80D006EBF37 /* FMDatabaseAdditions.m */; };
		AF87665D194AA80D006EBF37 /* FMDatabaseAdditions.m in Sources */ = {isa = PBXBuildFile; fileRef = AF876653194AA80D006EBF37 /* FMDatabaseAdditions.m */; };
		AF87665E194AA80D006EBF37 /* FMDatabasePool.m in Sources */ = {isa = PBXBuildFile; fileRef = AF876655194AA80D006EBF37 /* FMDatabasePool.m */; };
		AF87665F194AA80D006EBF37 /* FMDatabasePool.m in Sources */ = {isa = PBXBuildFile; fileRef = AF876655194AA80D006EBF37 /* FMDatabasePool.m */; };
		AF876660194AA80D006EBF37 /* FMDatabaseQueue.m in Sources */ = {isa = PBXBuildFile; fileRef = AF876657194AA80D006EBF37 /* FMDatabaseQueue.m */; };
		AF876661194AA80D006EBF37 /* FMDatabaseQueue.m in Sources */ = {isa = PBXBuildFile; fileRef = AF876657194AA80D006EBF37 /* FMDatabaseQueue.m */; };
		AF876662194AA80D006EBF37 /* FMResultSet.m in Sources */ = {isa = PBXBuildFile; fileRef = AF876659194AA80D006EBF37 /* FMResultSet.m */; };
		AF876663194AA80D006EBF37 /* FMResultSet.m in Sources */ = {isa = PBXBuildFile; fileRef = AF876659194AA80D006EBF37 /* FMResultSet.m */; };
/* End PBXBuildFile section */

/* Begin PBXContainerItemProxy section */
		AF4C554619419C0F006EAE1B /* PBXContainerItemProxy */ = {
			isa = PBXContainerItemProxy;
			containerPortal = AF4C551819419C0E006EAE1B /* Project object */;
			proxyType = 1;
			remoteGlobalIDString = AF4C551F19419C0E006EAE1B;
			remoteInfo = EncryptedSqliteDemo;
		};
		AF87662B194AA514006EBF37 /* PBXContainerItemProxy */ = {
			isa = PBXContainerItemProxy;
			containerPortal = AF876627194AA514006EBF37 /* openssl.xcodeproj */;
			proxyType = 2;
			remoteGlobalIDString = 9069D28C0FCE659A0042E34C;
			remoteInfo = crypto;
		};
		AF876632194AA52A006EBF37 /* PBXContainerItemProxy */ = {
			isa = PBXContainerItemProxy;
			containerPortal = AF87662D194AA52A006EBF37 /* sqlcipher.xcodeproj */;
			proxyType = 2;
			remoteGlobalIDString = D2AAC046055464E500DB518D;
			remoteInfo = sqlcipher;
		};
		AF876634194AA53C006EBF37 /* PBXContainerItemProxy */ = {
			isa = PBXContainerItemProxy;
			containerPortal = AF87662D194AA52A006EBF37 /* sqlcipher.xcodeproj */;
			proxyType = 1;
			remoteGlobalIDString = D2AAC045055464E500DB518D;
			remoteInfo = sqlcipher;
		};
		AF876636194AA540006EBF37 /* PBXContainerItemProxy */ = {
			isa = PBXContainerItemProxy;
			containerPortal = AF876627194AA514006EBF37 /* openssl.xcodeproj */;
			proxyType = 1;
			remoteGlobalIDString = 9069D28B0FCE659A0042E34C;
			remoteInfo = crypto;
		};
/* End PBXContainerItemProxy section */

/* Begin PBXFileReference section */
		AF4C552019419C0E006EAE1B /* EncryptedSqliteDemo.app */ = {isa = PBXFileReference; explicitFileType = wrapper.application; includeInIndex = 0; path = EncryptedSqliteDemo.app; sourceTree = BUILT_PRODUCTS_DIR; };
		AF4C552319419C0E006EAE1B /* Foundation.framework */ = {isa = PBXFileReference; lastKnownFileType = wrapper.framework; name = Foundation.framework; path = System/Library/Frameworks/Foundation.framework; sourceTree = SDKROOT; };
		AF4C552519419C0E006EAE1B /* CoreGraphics.framework */ = {isa = PBXFileReference; lastKnownFileType = wrapper.framework; name = CoreGraphics.framework; path = System/Library/Frameworks/CoreGraphics.framework; sourceTree = SDKROOT; };
		AF4C552719419C0E006EAE1B /* UIKit.framework */ = {isa = PBXFileReference; lastKnownFileType = wrapper.framework; name = UIKit.framework; path = System/Library/Frameworks/UIKit.framework; sourceTree = SDKROOT; };
		AF4C552B19419C0E006EAE1B /* EncryptedSqliteDemo-Info.plist */ = {isa = PBXFileReference; lastKnownFileType = text.plist.xml; path = "EncryptedSqliteDemo-Info.plist"; sourceTree = "<group>"; };
		AF4C552D19419C0E006EAE1B /* en */ = {isa = PBXFileReference; lastKnownFileType = text.plist.strings; name = en; path = en.lproj/InfoPlist.strings; sourceTree = "<group>"; };
		AF4C552F19419C0E006EAE1B /* main.m */ = {isa = PBXFileReference; lastKnownFileType = sourcecode.c.objc; path = main.m; sourceTree = "<group>"; };
		AF4C553119419C0E006EAE1B /* EncryptedSqliteDemo-Prefix.pch */ = {isa = PBXFileReference; lastKnownFileType = sourcecode.c.h; path = "EncryptedSqliteDemo-Prefix.pch"; sourceTree = "<group>"; };
		AF4C553219419C0E006EAE1B /* RJAppDelegate.h */ = {isa = PBXFileReference; lastKnownFileType = sourcecode.c.h; path = RJAppDelegate.h; sourceTree = "<group>"; };
		AF4C553319419C0E006EAE1B /* RJAppDelegate.m */ = {isa = PBXFileReference; lastKnownFileType = sourcecode.c.objc; path = RJAppDelegate.m; sourceTree = "<group>"; };
		AF4C553619419C0E006EAE1B /* Base */ = {isa = PBXFileReference; lastKnownFileType = file.storyboard; name = Base; path = Base.lproj/Main.storyboard; sourceTree = "<group>"; };
		AF4C553819419C0E006EAE1B /* RJViewController.h */ = {isa = PBXFileReference; lastKnownFileType = sourcecode.c.h; path = RJViewController.h; sourceTree = "<group>"; };
		AF4C553919419C0E006EAE1B /* RJViewController.m */ = {isa = PBXFileReference; lastKnownFileType = sourcecode.c.objc; path = RJViewController.m; sourceTree = "<group>"; };
		AF4C553B19419C0E006EAE1B /* Images.xcassets */ = {isa = PBXFileReference; lastKnownFileType = folder.assetcatalog; path = Images.xcassets; sourceTree = "<group>"; };
		AF4C554119419C0F006EAE1B /* EncryptedSqliteDemoTests.xctest */ = {isa = PBXFileReference; explicitFileType = wrapper.cfbundle; includeInIndex = 0; path = EncryptedSqliteDemoTests.xctest; sourceTree = BUILT_PRODUCTS_DIR; };
		AF4C554219419C0F006EAE1B /* XCTest.framework */ = {isa = PBXFileReference; lastKnownFileType = wrapper.framework; name = XCTest.framework; path = Library/Frameworks/XCTest.framework; sourceTree = DEVELOPER_DIR; };
		AF4C554A19419C0F006EAE1B /* EncryptedSqliteDemoTests-Info.plist */ = {isa = PBXFileReference; lastKnownFileType = text.plist.xml; path = "EncryptedSqliteDemoTests-Info.plist"; sourceTree = "<group>"; };
		AF4C554C19419C0F006EAE1B /* en */ = {isa = PBXFileReference; lastKnownFileType = text.plist.strings; name = en; path = en.lproj/InfoPlist.strings; sourceTree = "<group>"; };
		AF4C554E19419C0F006EAE1B /* EncryptedSqliteDemoTests.m */ = {isa = PBXFileReference; lastKnownFileType = sourcecode.c.objc; path = EncryptedSqliteDemoTests.m; sourceTree = "<group>"; };
		AF876627194AA514006EBF37 /* openssl.xcodeproj */ = {isa = PBXFileReference; lastKnownFileType = "wrapper.pb-project"; name = openssl.xcodeproj; path = "openssl-xcode/openssl.xcodeproj"; sourceTree = "<group>"; };
		AF87662D194AA52A006EBF37 /* sqlcipher.xcodeproj */ = {isa = PBXFileReference; lastKnownFileType = "wrapper.pb-project"; name = sqlcipher.xcodeproj; path = sqlcipher/sqlcipher.xcodeproj; sourceTree = "<group>"; };
		AF876650194AA80D006EBF37 /* FMDatabase.h */ = {isa = PBXFileReference; fileEncoding = 4; lastKnownFileType = sourcecode.c.h; path = FMDatabase.h; sourceTree = "<group>"; };
		AF876651194AA80D006EBF37 /* FMDatabase.m */ = {isa = PBXFileReference; fileEncoding = 4; lastKnownFileType = sourcecode.c.objc; path = FMDatabase.m; sourceTree = "<group>"; };
		AF876652194AA80D006EBF37 /* FMDatabaseAdditions.h */ = {isa = PBXFileReference; fileEncoding = 4; lastKnownFileType = sourcecode.c.h; path = FMDatabaseAdditions.h; sourceTree = "<group>"; };
		AF876653194AA80D006EBF37 /* FMDatabaseAdditions.m */ = {isa = PBXFileReference; fileEncoding = 4; lastKnownFileType = sourcecode.c.objc; path = FMDatabaseAdditions.m; sourceTree = "<group>"; };
		AF876654194AA80D006EBF37 /* FMDatabasePool.h */ = {isa = PBXFileReference; fileEncoding = 4; lastKnownFileType = sourcecode.c.h; path = FMDatabasePool.h; sourceTree = "<group>"; };
		AF876655194AA80D006EBF37 /* FMDatabasePool.m */ = {isa = PBXFileReference; fileEncoding = 4; lastKnownFileType = sourcecode.c.objc; path = FMDatabasePool.m; sourceTree = "<group>"; };
		AF876656194AA80D006EBF37 /* FMDatabaseQueue.h */ = {isa = PBXFileReference; fileEncoding = 4; lastKnownFileType = sourcecode.c.h; path = FMDatabaseQueue.h; sourceTree = "<group>"; };
		AF876657194AA80D006EBF37 /* FMDatabaseQueue.m */ = {isa = PBXFileReference; fileEncoding = 4; lastKnownFileType = sourcecode.c.objc; path = FMDatabaseQueue.m; sourceTree = "<group>"; };
		AF876658194AA80D006EBF37 /* FMResultSet.h */ = {isa = PBXFileReference; fileEncoding = 4; lastKnownFileType = sourcecode.c.h; path = FMResultSet.h; sourceTree = "<group>"; };
		AF876659194AA80D006EBF37 /* FMResultSet.m */ = {isa = PBXFileReference; fileEncoding = 4; lastKnownFileType = sourcecode.c.objc; path = FMResultSet.m; sourceTree = "<group>"; };
/* End PBXFileReference section */

/* Begin PBXFrameworksBuildPhase section */
		AF4C551D19419C0E006EAE1B /* Frameworks */ = {
			isa = PBXFrameworksBuildPhase;
			buildActionMask = 2147483647;
			files = (
				AF876638194AA545006EBF37 /* libcrypto.a in Frameworks */,
				AF876639194AA545006EBF37 /* libsqlcipher.a in Frameworks */,
				AF4C552619419C0E006EAE1B /* CoreGraphics.framework in Frameworks */,
				AF4C552819419C0E006EAE1B /* UIKit.framework in Frameworks */,
				AF4C552419419C0E006EAE1B /* Foundation.framework in Frameworks */,
			);
			runOnlyForDeploymentPostprocessing = 0;
		};
		AF4C553E19419C0E006EAE1B /* Frameworks */ = {
			isa = PBXFrameworksBuildPhase;
			buildActionMask = 2147483647;
			files = (
				AF4C554319419C0F006EAE1B /* XCTest.framework in Frameworks */,
				AF4C554519419C0F006EAE1B /* UIKit.framework in Frameworks */,
				AF4C554419419C0F006EAE1B /* Foundation.framework in Frameworks */,
			);
			runOnlyForDeploymentPostprocessing = 0;
		};
/* End PBXFrameworksBuildPhase section */

/* Begin PBXGroup section */
		AF4C551719419C0E006EAE1B = {
			isa = PBXGroup;
			children = (
				AF87664F194AA80D006EBF37 /* fmdb */,
				AF87662D194AA52A006EBF37 /* sqlcipher.xcodeproj */,
				AF876627194AA514006EBF37 /* openssl.xcodeproj */,
				AF4C552919419C0E006EAE1B /* EncryptedSqliteDemo */,
				AF4C554819419C0F006EAE1B /* EncryptedSqliteDemoTests */,
				AF4C552219419C0E006EAE1B /* Frameworks */,
				AF4C552119419C0E006EAE1B /* Products */,
			);
			sourceTree = "<group>";
		};
		AF4C552119419C0E006EAE1B /* Products */ = {
			isa = PBXGroup;
			children = (
				AF4C552019419C0E006EAE1B /* EncryptedSqliteDemo.app */,
				AF4C554119419C0F006EAE1B /* EncryptedSqliteDemoTests.xctest */,
			);
			name = Products;
			sourceTree = "<group>";
		};
		AF4C552219419C0E006EAE1B /* Frameworks */ = {
			isa = PBXGroup;
			children = (
				AF4C552319419C0E006EAE1B /* Foundation.framework */,
				AF4C552519419C0E006EAE1B /* CoreGraphics.framework */,
				AF4C552719419C0E006EAE1B /* UIKit.framework */,
				AF4C554219419C0F006EAE1B /* XCTest.framework */,
			);
			name = Frameworks;
			sourceTree = "<group>";
		};
		AF4C552919419C0E006EAE1B /* EncryptedSqliteDemo */ = {
			isa = PBXGroup;
			children = (
				AF4C553219419C0E006EAE1B /* RJAppDelegate.h */,
				AF4C553319419C0E006EAE1B /* RJAppDelegate.m */,
				AF4C553519419C0E006EAE1B /* Main.storyboard */,
				AF4C553819419C0E006EAE1B /* RJViewController.h */,
				AF4C553919419C0E006EAE1B /* RJViewController.m */,
				AF4C553B19419C0E006EAE1B /* Images.xcassets */,
				AF4C552A19419C0E006EAE1B /* Supporting Files */,
			);
			path = EncryptedSqliteDemo;
			sourceTree = "<group>";
		};
		AF4C552A19419C0E006EAE1B /* Supporting Files */ = {
			isa = PBXGroup;
			children = (
				AF4C552B19419C0E006EAE1B /* EncryptedSqliteDemo-Info.plist */,
				AF4C552C19419C0E006EAE1B /* InfoPlist.strings */,
				AF4C552F19419C0E006EAE1B /* main.m */,
				AF4C553119419C0E006EAE1B /* EncryptedSqliteDemo-Prefix.pch */,
			);
			name = "Supporting Files";
			sourceTree = "<group>";
		};
		AF4C554819419C0F006EAE1B /* EncryptedSqliteDemoTests */ = {
			isa = PBXGroup;
			children = (
				AF4C554E19419C0F006EAE1B /* EncryptedSqliteDemoTests.m */,
				AF4C554919419C0F006EAE1B /* Supporting Files */,
			);
			path = EncryptedSqliteDemoTests;
			sourceTree = "<group>";
		};
		AF4C554919419C0F006EAE1B /* Supporting Files */ = {
			isa = PBXGroup;
			children = (
				AF4C554A19419C0F006EAE1B /* EncryptedSqliteDemoTests-Info.plist */,
				AF4C554B19419C0F006EAE1B /* InfoPlist.strings */,
			);
			name = "Supporting Files";
			sourceTree = "<group>";
		};
		AF876628194AA514006EBF37 /* Products */ = {
			isa = PBXGroup;
			children = (
				AF87662C194AA514006EBF37 /* libcrypto.a */,
			);
			name = Products;
			sourceTree = "<group>";
		};
		AF87662E194AA52A006EBF37 /* Products */ = {
			isa = PBXGroup;
			children = (
				AF876633194AA52A006EBF37 /* libsqlcipher.a */,
			);
			name = Products;
			sourceTree = "<group>";
		};
		AF87664F194AA80D006EBF37 /* fmdb */ = {
			isa = PBXGroup;
			children = (
				AF876650194AA80D006EBF37 /* FMDatabase.h */,
				AF876651194AA80D006EBF37 /* FMDatabase.m */,
				AF876652194AA80D006EBF37 /* FMDatabaseAdditions.h */,
				AF876653194AA80D006EBF37 /* FMDatabaseAdditions.m */,
				AF876654194AA80D006EBF37 /* FMDatabasePool.h */,
				AF876655194AA80D006EBF37 /* FMDatabasePool.m */,
				AF876656194AA80D006EBF37 /* FMDatabaseQueue.h */,
				AF876657194AA80D006EBF37 /* FMDatabaseQueue.m */,
				AF876658194AA80D006EBF37 /* FMResultSet.h */,
				AF876659194AA80D006EBF37 /* FMResultSet.m */,
			);
			path = fmdb;
			sourceTree = "<group>";
		};
/* End PBXGroup section */

/* Begin PBXNativeTarget section */
		AF4C551F19419C0E006EAE1B /* EncryptedSqliteDemo */ = {
			isa = PBXNativeTarget;
			buildConfigurationList = AF4C555219419C0F006EAE1B /* Build configuration list for PBXNativeTarget "EncryptedSqliteDemo" */;
			buildPhases = (
				AF4C551C19419C0E006EAE1B /* Sources */,
				AF4C551D19419C0E006EAE1B /* Frameworks */,
				AF4C551E19419C0E006EAE1B /* Resources */,
			);
			buildRules = (
			);
			dependencies = (
				AF876637194AA540006EBF37 /* PBXTargetDependency */,
				AF876635194AA53C006EBF37 /* PBXTargetDependency */,
			);
			name = EncryptedSqliteDemo;
			productName = EncryptedSqliteDemo;
			productReference = AF4C552019419C0E006EAE1B /* EncryptedSqliteDemo.app */;
			productType = "com.apple.product-type.application";
		};
		AF4C554019419C0E006EAE1B /* EncryptedSqliteDemoTests */ = {
			isa = PBXNativeTarget;
			buildConfigurationList = AF4C555519419C0F006EAE1B /* Build configuration list for PBXNativeTarget "EncryptedSqliteDemoTests" */;
			buildPhases = (
				AF4C553D19419C0E006EAE1B /* Sources */,
				AF4C553E19419C0E006EAE1B /* Frameworks */,
				AF4C553F19419C0E006EAE1B /* Resources */,
			);
			buildRules = (
			);
			dependencies = (
				AF4C554719419C0F006EAE1B /* PBXTargetDependency */,
			);
			name = EncryptedSqliteDemoTests;
			productName = EncryptedSqliteDemoTests;
			productReference = AF4C554119419C0F006EAE1B /* EncryptedSqliteDemoTests.xctest */;
			productType = "com.apple.product-type.bundle.unit-test";
		};
/* End PBXNativeTarget section */

/* Begin PBXProject section */
		AF4C551819419C0E006EAE1B /* Project object */ = {
			isa = PBXProject;
			attributes = {
				CLASSPREFIX = RJ;
				LastUpgradeCheck = 0510;
				ORGANIZATIONNAME = "rayjune Wu";
				TargetAttributes = {
					AF4C554019419C0E006EAE1B = {
						TestTargetID = AF4C551F19419C0E006EAE1B;
					};
				};
			};
			buildConfigurationList = AF4C551B19419C0E006EAE1B /* Build configuration list for PBXProject "EncryptedSqliteDemo" */;
			compatibilityVersion = "Xcode 3.2";
			developmentRegion = English;
			hasScannedForEncodings = 0;
			knownRegions = (
				en,
				Base,
			);
			mainGroup = AF4C551719419C0E006EAE1B;
			productRefGroup = AF4C552119419C0E006EAE1B /* Products */;
			projectDirPath = "";
			projectReferences = (
				{
					ProductGroup = AF876628194AA514006EBF37 /* Products */;
					ProjectRef = AF876627194AA514006EBF37 /* openssl.xcodeproj */;
				},
				{
					ProductGroup = AF87662E194AA52A006EBF37 /* Products */;
					ProjectRef = AF87662D194AA52A006EBF37 /* sqlcipher.xcodeproj */;
				},
			);
			projectRoot = "";
			targets = (
				AF4C551F19419C0E006EAE1B /* EncryptedSqliteDemo */,
				AF4C554019419C0E006EAE1B /* EncryptedSqliteDemoTests */,
			);
		};
/* End PBXProject section */

/* Begin PBXReferenceProxy section */
		AF87662C194AA514006EBF37 /* libcrypto.a */ = {
			isa = PBXReferenceProxy;
			fileType = archive.ar;
			path = libcrypto.a;
			remoteRef = AF87662B194AA514006EBF37 /* PBXContainerItemProxy */;
			sourceTree = BUILT_PRODUCTS_DIR;
		};
		AF876633194AA52A006EBF37 /* libsqlcipher.a */ = {
			isa = PBXReferenceProxy;
			fileType = archive.ar;
			path = libsqlcipher.a;
			remoteRef = AF876632194AA52A006EBF37 /* PBXContainerItemProxy */;
			sourceTree = BUILT_PRODUCTS_DIR;
		};
/* End PBXReferenceProxy section */

/* Begin PBXResourcesBuildPhase section */
		AF4C551E19419C0E006EAE1B /* Resources */ = {
			isa = PBXResourcesBuildPhase;
			buildActionMask = 2147483647;
			files = (
				AF4C553C19419C0E006EAE1B /* Images.xcassets in Resources */,
				AF4C552E19419C0E006EAE1B /* InfoPlist.strings in Resources */,
				AF4C553719419C0E006EAE1B /* Main.storyboard in Resources */,
			);
			runOnlyForDeploymentPostprocessing = 0;
		};
		AF4C553F19419C0E006EAE1B /* Resources */ = {
			isa = PBXResourcesBuildPhase;
			buildActionMask = 2147483647;
			files = (
				AF4C554D19419C0F006EAE1B /* InfoPlist.strings in Resources */,
			);
			runOnlyForDeploymentPostprocessing = 0;
		};
/* End PBXResourcesBuildPhase section */

/* Begin PBXSourcesBuildPhase section */
		AF4C551C19419C0E006EAE1B /* Sources */ = {
			isa = PBXSourcesBuildPhase;
			buildActionMask = 2147483647;
			files = (
				AF4C553419419C0E006EAE1B /* RJAppDelegate.m in Sources */,
				AF87665E194AA80D006EBF37 /* FMDatabasePool.m in Sources */,
				AF4C553019419C0E006EAE1B /* main.m in Sources */,
				AF876660194AA80D006EBF37 /* FMDatabaseQueue.m in Sources */,
				AF4C553A19419C0E006EAE1B /* RJViewController.m in Sources */,
				AF87665A194AA80D006EBF37 /* FMDatabase.m in Sources */,
				AF876662194AA80D006EBF37 /* FMResultSet.m in Sources */,
				AF87665C194AA80D006EBF37 /* FMDatabaseAdditions.m in Sources */,
			);
			runOnlyForDeploymentPostprocessing = 0;
		};
		AF4C553D19419C0E006EAE1B /* Sources */ = {
			isa = PBXSourcesBuildPhase;
			buildActionMask = 2147483647;
			files = (
				AF876663194AA80D006EBF37 /* FMResultSet.m in Sources */,
				AF876661194AA80D006EBF37 /* FMDatabaseQueue.m in Sources */,
				AF4C554F19419C0F006EAE1B /* EncryptedSqliteDemoTests.m in Sources */,
				AF87665F194AA80D006EBF37 /* FMDatabasePool.m in Sources */,
				AF87665B194AA80D006EBF37 /* FMDatabase.m in Sources */,
				AF87665D194AA80D006EBF37 /* FMDatabaseAdditions.m in Sources */,
			);
			runOnlyForDeploymentPostprocessing = 0;
		};
/* End PBXSourcesBuildPhase section */

/* Begin PBXTargetDependency section */
		AF4C554719419C0F006EAE1B /* PBXTargetDependency */ = {
			isa = PBXTargetDependency;
			target = AF4C551F19419C0E006EAE1B /* EncryptedSqliteDemo */;
			targetProxy = AF4C554619419C0F006EAE1B /* PBXContainerItemProxy */;
		};
		AF876635194AA53C006EBF37 /* PBXTargetDependency */ = {
			isa = PBXTargetDependency;
			name = sqlcipher;
			targetProxy = AF876634194AA53C006EBF37 /* PBXContainerItemProxy */;
		};
		AF876637194AA540006EBF37 /* PBXTargetDependency */ = {
			isa = PBXTargetDependency;
			name = crypto;
			targetProxy = AF876636194AA540006EBF37 /* PBXContainerItemProxy */;
		};
/* End PBXTargetDependency section */

/* Begin PBXVariantGroup section */
		AF4C552C19419C0E006EAE1B /* InfoPlist.strings */ = {
			isa = PBXVariantGroup;
			children = (
				AF4C552D19419C0E006EAE1B /* en */,
			);
			name = InfoPlist.strings;
			sourceTree = "<group>";
		};
		AF4C553519419C0E006EAE1B /* Main.storyboard */ = {
			isa = PBXVariantGroup;
			children = (
				AF4C553619419C0E006EAE1B /* Base */,
			);
			name = Main.storyboard;
			sourceTree = "<group>";
		};
		AF4C554B19419C0F006EAE1B /* InfoPlist.strings */ = {
			isa = PBXVariantGroup;
			children = (
				AF4C554C19419C0F006EAE1B /* en */,
			);
			name = InfoPlist.strings;
			sourceTree = "<group>";
		};
/* End PBXVariantGroup section */

/* Begin XCBuildConfiguration section */
		AF4C555019419C0F006EAE1B /* Debug */ = {
			isa = XCBuildConfiguration;
			buildSettings = {
				ALWAYS_SEARCH_USER_PATHS = NO;
				CLANG_CXX_LANGUAGE_STANDARD = "gnu++0x";
				CLANG_CXX_LIBRARY = "libc++";
				CLANG_ENABLE_MODULES = YES;
				CLANG_ENABLE_OBJC_ARC = YES;
				CLANG_WARN_BOOL_CONVERSION = YES;
				CLANG_WARN_CONSTANT_CONVERSION = YES;
				CLANG_WARN_DIRECT_OBJC_ISA_USAGE = YES_ERROR;
				CLANG_WARN_EMPTY_BODY = YES;
				CLANG_WARN_ENUM_CONVERSION = YES;
				CLANG_WARN_INT_CONVERSION = YES;
				CLANG_WARN_OBJC_ROOT_CLASS = YES_ERROR;
				CLANG_WARN__DUPLICATE_METHOD_MATCH = YES;
				"CODE_SIGN_IDENTITY[sdk=iphoneos*]" = "iPhone Developer";
				COPY_PHASE_STRIP = NO;
				GCC_C_LANGUAGE_STANDARD = gnu99;
				GCC_DYNAMIC_NO_PIC = NO;
				GCC_OPTIMIZATION_LEVEL = 0;
				GCC_PREPROCESSOR_DEFINITIONS = (
					"DEBUG=1",
					"$(inherited)",
				);
				GCC_SYMBOLS_PRIVATE_EXTERN = NO;
				GCC_WARN_64_TO_32_BIT_CONVERSION = YES;
				GCC_WARN_ABOUT_RETURN_TYPE = YES_ERROR;
				GCC_WARN_UNDECLARED_SELECTOR = YES;
				GCC_WARN_UNINITIALIZED_AUTOS = YES_AGGRESSIVE;
				GCC_WARN_UNUSED_FUNCTION = YES;
				GCC_WARN_UNUSED_VARIABLE = YES;
				IPHONEOS_DEPLOYMENT_TARGET = 7.1;
				ONLY_ACTIVE_ARCH = YES;
				SDKROOT = iphoneos;
			};
			name = Debug;
		};
		AF4C555119419C0F006EAE1B /* Release */ = {
			isa = XCBuildConfiguration;
			buildSettings = {
				ALWAYS_SEARCH_USER_PATHS = NO;
				CLANG_CXX_LANGUAGE_STANDARD = "gnu++0x";
				CLANG_CXX_LIBRARY = "libc++";
				CLANG_ENABLE_MODULES = YES;
				CLANG_ENABLE_OBJC_ARC = YES;
				CLANG_WARN_BOOL_CONVERSION = YES;
				CLANG_WARN_CONSTANT_CONVERSION = YES;
				CLANG_WARN_DIRECT_OBJC_ISA_USAGE = YES_ERROR;
				CLANG_WARN_EMPTY_BODY = YES;
				CLANG_WARN_ENUM_CONVERSION = YES;
				CLANG_WARN_INT_CONVERSION = YES;
				CLANG_WARN_OBJC_ROOT_CLASS = YES_ERROR;
				CLANG_WARN__DUPLICATE_METHOD_MATCH = YES;
				"CODE_SIGN_IDENTITY[sdk=iphoneos*]" = "iPhone Developer";
				COPY_PHASE_STRIP = YES;
				ENABLE_NS_ASSERTIONS = NO;
				GCC_C_LANGUAGE_STANDARD = gnu99;
				GCC_WARN_64_TO_32_BIT_CONVERSION = YES;
				GCC_WARN_ABOUT_RETURN_TYPE = YES_ERROR;
				GCC_WARN_UNDECLARED_SELECTOR = YES;
				GCC_WARN_UNINITIALIZED_AUTOS = YES_AGGRESSIVE;
				GCC_WARN_UNUSED_FUNCTION = YES;
				GCC_WARN_UNUSED_VARIABLE = YES;
				IPHONEOS_DEPLOYMENT_TARGET = 7.1;
				SDKROOT = iphoneos;
				VALIDATE_PRODUCT = YES;
			};
			name = Release;
		};
		AF4C555319419C0F006EAE1B /* Debug */ = {
			isa = XCBuildConfiguration;
			buildSettings = {
				ASSETCATALOG_COMPILER_APPICON_NAME = AppIcon;
				ASSETCATALOG_COMPILER_LAUNCHIMAGE_NAME = LaunchImage;
				GCC_PRECOMPILE_PREFIX_HEADER = YES;
				GCC_PREFIX_HEADER = "EncryptedSqliteDemo/EncryptedSqliteDemo-Prefix.pch";
				INFOPLIST_FILE = "EncryptedSqliteDemo/EncryptedSqliteDemo-Info.plist";
				OTHER_CFLAGS = "-DSQLITE_HAS_CODEC";
				PRODUCT_NAME = "$(TARGET_NAME)";
				WRAPPER_EXTENSION = app;
			};
			name = Debug;
		};
		AF4C555419419C0F006EAE1B /* Release */ = {
			isa = XCBuildConfiguration;
			buildSettings = {
				ASSETCATALOG_COMPILER_APPICON_NAME = AppIcon;
				ASSETCATALOG_COMPILER_LAUNCHIMAGE_NAME = LaunchImage;
				GCC_PRECOMPILE_PREFIX_HEADER = YES;
				GCC_PREFIX_HEADER = "EncryptedSqliteDemo/EncryptedSqliteDemo-Prefix.pch";
				INFOPLIST_FILE = "EncryptedSqliteDemo/EncryptedSqliteDemo-Info.plist";
				OTHER_CFLAGS = (
					"-DSQLITE_HAS_CODEC",
					"-DNS_BLOCK_ASSERTIONS=1",
				);
				PRODUCT_NAME = "$(TARGET_NAME)";
				WRAPPER_EXTENSION = app;
			};
			name = Release;
		};
		AF4C555619419C0F006EAE1B /* Debug */ = {
			isa = XCBuildConfiguration;
			buildSettings = {
				BUNDLE_LOADER = "$(BUILT_PRODUCTS_DIR)/EncryptedSqliteDemo.app/EncryptedSqliteDemo";
				FRAMEWORK_SEARCH_PATHS = (
					"$(SDKROOT)/Developer/Library/Frameworks",
					"$(inherited)",
					"$(DEVELOPER_FRAMEWORKS_DIR)",
				);
				GCC_PRECOMPILE_PREFIX_HEADER = YES;
				GCC_PREFIX_HEADER = "EncryptedSqliteDemo/EncryptedSqliteDemo-Prefix.pch";
				GCC_PREPROCESSOR_DEFINITIONS = (
					"DEBUG=1",
					"$(inherited)",
				);
				INFOPLIST_FILE = "EncryptedSqliteDemoTests/EncryptedSqliteDemoTests-Info.plist";
				PRODUCT_NAME = "$(TARGET_NAME)";
				TEST_HOST = "$(BUNDLE_LOADER)";
				WRAPPER_EXTENSION = xctest;
			};
			name = Debug;
		};
		AF4C555719419C0F006EAE1B /* Release */ = {
			isa = XCBuildConfiguration;
			buildSettings = {
				BUNDLE_LOADER = "$(BUILT_PRODUCTS_DIR)/EncryptedSqliteDemo.app/EncryptedSqliteDemo";
				FRAMEWORK_SEARCH_PATHS = (
					"$(SDKROOT)/Developer/Library/Frameworks",
					"$(inherited)",
					"$(DEVELOPER_FRAMEWORKS_DIR)",
				);
				GCC_PRECOMPILE_PREFIX_HEADER = YES;
				GCC_PREFIX_HEADER = "EncryptedSqliteDemo/EncryptedSqliteDemo-Prefix.pch";
				INFOPLIST_FILE = "EncryptedSqliteDemoTests/EncryptedSqliteDemoTests-Info.plist";
				PRODUCT_NAME = "$(TARGET_NAME)";
				TEST_HOST = "$(BUNDLE_LOADER)";
				WRAPPER_EXTENSION = xctest;
			};
			name = Release;
		};
/* End XCBuildConfiguration section */

/* Begin XCConfigurationList section */
		AF4C551B19419C0E006EAE1B /* Build configuration list for PBXProject "EncryptedSqliteDemo" */ = {
			isa = XCConfigurationList;
			buildConfigurations = (
				AF4C555019419C0F006EAE1B /* Debug */,
				AF4C555119419C0F006EAE1B /* Release */,
			);
			defaultConfigurationIsVisible = 0;
			defaultConfigurationName = Release;
		};
		AF4C555219419C0F006EAE1B /* Build configuration list for PBXNativeTarget "EncryptedSqliteDemo" */ = {
			isa = XCConfigurationList;
			buildConfigurations = (
				AF4C555319419C0F006EAE1B /* Debug */,
				AF4C555419419C0F006EAE1B /* Release */,
			);
			defaultConfigurationIsVisible = 0;
			defaultConfigurationName = Release;
		};
		AF4C555519419C0F006EAE1B /* Build configuration list for PBXNativeTarget "EncryptedSqliteDemoTests" */ = {
			isa = XCConfigurationList;
			buildConfigurations = (
				AF4C555619419C0F006EAE1B /* Debug */,
				AF4C555719419C0F006EAE1B /* Release */,
			);
			defaultConfigurationIsVisible = 0;
			defaultConfigurationName = Release;
		};
/* End XCConfigurationList section */
	};
	rootObject = AF4C551819419C0E006EAE1B /* Project object */;
}
